// !$*UTF8*$!
{
	archiveVersion = 1;
	classes = {
	};
	objectVersion = 56;
	objects = {

/* Begin PBXBuildFile section */
		4E5B17222C6CD6A50078948F /* RadauAppTests.swift in Sources */ = {isa = PBXBuildFile; fileRef = 4E5B17212C6CD6A50078948F /* RadauAppTests.swift */; };
		4E5B172C2C6CD6A50078948F /* RadauAppUITests.swift in Sources */ = {isa = PBXBuildFile; fileRef = 4E5B172B2C6CD6A50078948F /* RadauAppUITests.swift */; };
		4E5B172E2C6CD6A50078948F /* RadauAppUITestsLaunchTests.swift in Sources */ = {isa = PBXBuildFile; fileRef = 4E5B172D2C6CD6A50078948F /* RadauAppUITestsLaunchTests.swift */; };
		4E8C0E262D40DBBB00BCF53E /* PodcastFetcher.swift in Sources */ = {isa = PBXBuildFile; fileRef = 4E8C0E252D40DBB400BCF53E /* PodcastFetcher.swift */; };
		4E8C0E282D40E4A900BCF53E /* PodcastDetailView.swift in Sources */ = {isa = PBXBuildFile; fileRef = 4E8C0E272D40E4A400BCF53E /* PodcastDetailView.swift */; };
		4E8C0E2C2D410C4900BCF53E /* PodcastInfoHandler.swift in Sources */ = {isa = PBXBuildFile; fileRef = 4E8C0E2B2D410C3C00BCF53E /* PodcastInfoHandler.swift */; };
		4E8C0E2F2D410D1500BCF53E /* FeedKit in Frameworks */ = {isa = PBXBuildFile; productRef = 4E8C0E2E2D410D1500BCF53E /* FeedKit */; };
		4E8C0E312D4183CD00BCF53E /* PodcastAddView.swift in Sources */ = {isa = PBXBuildFile; fileRef = 4E8C0E302D4183BE00BCF53E /* PodcastAddView.swift */; };
		4EAEB9AF2D4627BD00929BEA /* PodcastStore.swift in Sources */ = {isa = PBXBuildFile; fileRef = 4EAEB9AE2D4627BD00929BEA /* PodcastStore.swift */; };
		4EAEB9B12D4773A700929BEA /* Radio.swift in Sources */ = {isa = PBXBuildFile; fileRef = 4EAEB9B02D47739C00929BEA /* Radio.swift */; };
		4EAEB9B32D4773C700929BEA /* RadioFetcher.swift in Sources */ = {isa = PBXBuildFile; fileRef = 4EAEB9B22D4773BC00929BEA /* RadioFetcher.swift */; };
		4EAEB9B92D47741400929BEA /* RadioAddView.swift in Sources */ = {isa = PBXBuildFile; fileRef = 4EAEB9B82D47740300929BEA /* RadioAddView.swift */; };
		4EAEB9BB2D47791E00929BEA /* RadioInfoHandler.swift in Sources */ = {isa = PBXBuildFile; fileRef = 4EAEB9BA2D47791A00929BEA /* RadioInfoHandler.swift */; };
		4EAEB9BD2D47E66A00929BEA /* AudioSessionManager.swift in Sources */ = {isa = PBXBuildFile; fileRef = 4EAEB9BC2D47E66800929BEA /* AudioSessionManager.swift */; };
		4EBD6B6B2C6DF49D0072A639 /* RadauApp.swift in Sources */ = {isa = PBXBuildFile; fileRef = 4EBD6B6A2C6DF49D0072A639 /* RadauApp.swift */; };
		4EBD6B6D2C6DF4B10072A639 /* AuthorizationChecker.swift in Sources */ = {isa = PBXBuildFile; fileRef = 4EBD6B6C2C6DF4B10072A639 /* AuthorizationChecker.swift */; };
		4EBD6B702C6DF4CA0072A639 /* ScreenPainter.swift in Sources */ = {isa = PBXBuildFile; fileRef = 4EBD6B6F2C6DF4CA0072A639 /* ScreenPainter.swift */; };
		4EBD6B742C6DF4FA0072A639 /* MainView.swift in Sources */ = {isa = PBXBuildFile; fileRef = 4EBD6B732C6DF4FA0072A639 /* MainView.swift */; };
		4EBD6B762C6DF50A0072A639 /* PlaylistDetailView.swift in Sources */ = {isa = PBXBuildFile; fileRef = 4EBD6B752C6DF50A0072A639 /* PlaylistDetailView.swift */; };
		4EBD6B7E2C6DF9740072A639 /* Assets.xcassets in Resources */ = {isa = PBXBuildFile; fileRef = 4EBD6B7B2C6DF9740072A639 /* Assets.xcassets */; };
		4EBD6B7F2C6DF9740072A639 /* Preview Assets.xcassets in Resources */ = {isa = PBXBuildFile; fileRef = 4EBD6B7C2C6DF9740072A639 /* Preview Assets.xcassets */; };
		4EBD6B812C6DFCAA0072A639 /* PlaylistFetcher.swift in Sources */ = {isa = PBXBuildFile; fileRef = 4EBD6B802C6DFCAA0072A639 /* PlaylistFetcher.swift */; };
		4EBD6B882C6E0C900072A639 /* DeviceRotationExtension.swift in Sources */ = {isa = PBXBuildFile; fileRef = 4EBD6B872C6E0C900072A639 /* DeviceRotationExtension.swift */; };
		4EBD6B8C2C6EA4E40072A639 /* Color.swift in Sources */ = {isa = PBXBuildFile; fileRef = 4EBD6B8B2C6EA4E40072A639 /* Color.swift */; };
		4EBD6B8F2C6F8B500072A639 /* ITCKRIST.TTF in Resources */ = {isa = PBXBuildFile; fileRef = 4EBD6B8E2C6F8B500072A639 /* ITCKRIST.TTF */; };
		4EBD6B952C6FA1270072A639 /* PhotoPickerView.swift in Sources */ = {isa = PBXBuildFile; fileRef = 4EBD6B942C6FA1270072A639 /* PhotoPickerView.swift */; };
		4EBD6B972C6FA4D50072A639 /* PlaylistImageHandler.swift in Sources */ = {isa = PBXBuildFile; fileRef = 4EBD6B962C6FA4D50072A639 /* PlaylistImageHandler.swift */; };
		4ED2D3202D4AD14A001609C4 /* AudioPlayerProtocol.swift in Sources */ = {isa = PBXBuildFile; fileRef = 4ED2D31E2D4AD14A001609C4 /* AudioPlayerProtocol.swift */; };
		4ED2D3232D4AD339001609C4 /* AudioPlayer.swift in Sources */ = {isa = PBXBuildFile; fileRef = 4ED2D3222D4AD338001609C4 /* AudioPlayer.swift */; };
		4ED2D3252D4AD5AB001609C4 /* AudioPlayerView.swift in Sources */ = {isa = PBXBuildFile; fileRef = 4ED2D3242D4AD5A2001609C4 /* AudioPlayerView.swift */; };
/* End PBXBuildFile section */

/* Begin PBXContainerItemProxy section */
		4E5B171E2C6CD6A50078948F /* PBXContainerItemProxy */ = {
			isa = PBXContainerItemProxy;
			containerPortal = 4E5B17052C6CD6A10078948F /* Project object */;
			proxyType = 1;
			remoteGlobalIDString = 4E5B170C2C6CD6A10078948F;
			remoteInfo = RadauApp;
		};
		4E5B17282C6CD6A50078948F /* PBXContainerItemProxy */ = {
			isa = PBXContainerItemProxy;
			containerPortal = 4E5B17052C6CD6A10078948F /* Project object */;
			proxyType = 1;
			remoteGlobalIDString = 4E5B170C2C6CD6A10078948F;
			remoteInfo = RadauApp;
		};
/* End PBXContainerItemProxy section */

/* Begin PBXFileReference section */
		4E0CFCA82D50CD3C006E9F48 /* .gitignore */ = {isa = PBXFileReference; lastKnownFileType = text; path = .gitignore; sourceTree = "<group>"; };
		4E5B170D2C6CD6A10078948F /* RadauApp.app */ = {isa = PBXFileReference; explicitFileType = wrapper.application; includeInIndex = 0; path = RadauApp.app; sourceTree = BUILT_PRODUCTS_DIR; };
		4E5B171D2C6CD6A50078948F /* RadauAppTests.xctest */ = {isa = PBXFileReference; explicitFileType = wrapper.cfbundle; includeInIndex = 0; path = RadauAppTests.xctest; sourceTree = BUILT_PRODUCTS_DIR; };
		4E5B17212C6CD6A50078948F /* RadauAppTests.swift */ = {isa = PBXFileReference; lastKnownFileType = sourcecode.swift; path = RadauAppTests.swift; sourceTree = "<group>"; };
		4E5B17272C6CD6A50078948F /* RadauAppUITests.xctest */ = {isa = PBXFileReference; explicitFileType = wrapper.cfbundle; includeInIndex = 0; path = RadauAppUITests.xctest; sourceTree = BUILT_PRODUCTS_DIR; };
		4E5B172B2C6CD6A50078948F /* RadauAppUITests.swift */ = {isa = PBXFileReference; lastKnownFileType = sourcecode.swift; path = RadauAppUITests.swift; sourceTree = "<group>"; };
		4E5B172D2C6CD6A50078948F /* RadauAppUITestsLaunchTests.swift */ = {isa = PBXFileReference; lastKnownFileType = sourcecode.swift; path = RadauAppUITestsLaunchTests.swift; sourceTree = "<group>"; };
		4E8C0E252D40DBB400BCF53E /* PodcastFetcher.swift */ = {isa = PBXFileReference; lastKnownFileType = sourcecode.swift; path = PodcastFetcher.swift; sourceTree = "<group>"; };
		4E8C0E272D40E4A400BCF53E /* PodcastDetailView.swift */ = {isa = PBXFileReference; lastKnownFileType = sourcecode.swift; path = PodcastDetailView.swift; sourceTree = "<group>"; };
		4E8C0E2B2D410C3C00BCF53E /* PodcastInfoHandler.swift */ = {isa = PBXFileReference; lastKnownFileType = sourcecode.swift; path = PodcastInfoHandler.swift; sourceTree = "<group>"; };
		4E8C0E302D4183BE00BCF53E /* PodcastAddView.swift */ = {isa = PBXFileReference; lastKnownFileType = sourcecode.swift; path = PodcastAddView.swift; sourceTree = "<group>"; };
		4EAEB9AE2D4627BD00929BEA /* PodcastStore.swift */ = {isa = PBXFileReference; lastKnownFileType = sourcecode.swift; path = PodcastStore.swift; sourceTree = "<group>"; };
		4EAEB9B02D47739C00929BEA /* Radio.swift */ = {isa = PBXFileReference; lastKnownFileType = sourcecode.swift; path = Radio.swift; sourceTree = "<group>"; };
		4EAEB9B22D4773BC00929BEA /* RadioFetcher.swift */ = {isa = PBXFileReference; lastKnownFileType = sourcecode.swift; path = RadioFetcher.swift; sourceTree = "<group>"; };
		4EAEB9B82D47740300929BEA /* RadioAddView.swift */ = {isa = PBXFileReference; lastKnownFileType = sourcecode.swift; path = RadioAddView.swift; sourceTree = "<group>"; };
		4EAEB9BA2D47791A00929BEA /* RadioInfoHandler.swift */ = {isa = PBXFileReference; lastKnownFileType = sourcecode.swift; path = RadioInfoHandler.swift; sourceTree = "<group>"; };
		4EAEB9BC2D47E66800929BEA /* AudioSessionManager.swift */ = {isa = PBXFileReference; lastKnownFileType = sourcecode.swift; path = AudioSessionManager.swift; sourceTree = "<group>"; };
		4EBD6B6A2C6DF49D0072A639 /* RadauApp.swift */ = {isa = PBXFileReference; lastKnownFileType = sourcecode.swift; path = RadauApp.swift; sourceTree = "<group>"; };
		4EBD6B6C2C6DF4B10072A639 /* AuthorizationChecker.swift */ = {isa = PBXFileReference; lastKnownFileType = sourcecode.swift; path = AuthorizationChecker.swift; sourceTree = "<group>"; };
		4EBD6B6F2C6DF4CA0072A639 /* ScreenPainter.swift */ = {isa = PBXFileReference; lastKnownFileType = sourcecode.swift; path = ScreenPainter.swift; sourceTree = "<group>"; };
		4EBD6B732C6DF4FA0072A639 /* MainView.swift */ = {isa = PBXFileReference; lastKnownFileType = sourcecode.swift; path = MainView.swift; sourceTree = "<group>"; };
		4EBD6B752C6DF50A0072A639 /* PlaylistDetailView.swift */ = {isa = PBXFileReference; lastKnownFileType = sourcecode.swift; path = PlaylistDetailView.swift; sourceTree = "<group>"; };
		4EBD6B7B2C6DF9740072A639 /* Assets.xcassets */ = {isa = PBXFileReference; lastKnownFileType = folder.assetcatalog; name = Assets.xcassets; path = "PoC-Archiv/Assets.xcassets"; sourceTree = SOURCE_ROOT; };
		4EBD6B7C2C6DF9740072A639 /* Preview Assets.xcassets */ = {isa = PBXFileReference; lastKnownFileType = folder.assetcatalog; path = "Preview Assets.xcassets"; sourceTree = "<group>"; };
		4EBD6B802C6DFCAA0072A639 /* PlaylistFetcher.swift */ = {isa = PBXFileReference; lastKnownFileType = sourcecode.swift; path = PlaylistFetcher.swift; sourceTree = "<group>"; };
		4EBD6B872C6E0C900072A639 /* DeviceRotationExtension.swift */ = {isa = PBXFileReference; lastKnownFileType = sourcecode.swift; path = DeviceRotationExtension.swift; sourceTree = "<group>"; };
		4EBD6B8B2C6EA4E40072A639 /* Color.swift */ = {isa = PBXFileReference; lastKnownFileType = sourcecode.swift; path = Color.swift; sourceTree = "<group>"; };
		4EBD6B8D2C6F83680072A639 /* Info.plist */ = {isa = PBXFileReference; lastKnownFileType = text.plist; path = Info.plist; sourceTree = "<group>"; };
		4EBD6B8E2C6F8B500072A639 /* ITCKRIST.TTF */ = {isa = PBXFileReference; lastKnownFileType = file; path = ITCKRIST.TTF; sourceTree = "<group>"; };
		4EBD6B942C6FA1270072A639 /* PhotoPickerView.swift */ = {isa = PBXFileReference; lastKnownFileType = sourcecode.swift; path = PhotoPickerView.swift; sourceTree = "<group>"; };
		4EBD6B962C6FA4D50072A639 /* PlaylistImageHandler.swift */ = {isa = PBXFileReference; lastKnownFileType = sourcecode.swift; path = PlaylistImageHandler.swift; sourceTree = "<group>"; };
		4ED2D31E2D4AD14A001609C4 /* AudioPlayerProtocol.swift */ = {isa = PBXFileReference; lastKnownFileType = sourcecode.swift; path = AudioPlayerProtocol.swift; sourceTree = "<group>"; };
		4ED2D3222D4AD338001609C4 /* AudioPlayer.swift */ = {isa = PBXFileReference; lastKnownFileType = sourcecode.swift; path = AudioPlayer.swift; sourceTree = "<group>"; };
		4ED2D3242D4AD5A2001609C4 /* AudioPlayerView.swift */ = {isa = PBXFileReference; lastKnownFileType = sourcecode.swift; path = AudioPlayerView.swift; sourceTree = "<group>"; };
		4EE81A6D2C73E78E00F2EF41 /* RadauApp.entitlements */ = {isa = PBXFileReference; lastKnownFileType = text.plist.entitlements; path = RadauApp.entitlements; sourceTree = "<group>"; };
/* End PBXFileReference section */

/* Begin PBXFrameworksBuildPhase section */
		4E5B170A2C6CD6A10078948F /* Frameworks */ = {
			isa = PBXFrameworksBuildPhase;
			buildActionMask = 2147483647;
			files = (
				4E8C0E2F2D410D1500BCF53E /* FeedKit in Frameworks */,
			);
			runOnlyForDeploymentPostprocessing = 0;
		};
		4E5B171A2C6CD6A50078948F /* Frameworks */ = {
			isa = PBXFrameworksBuildPhase;
			buildActionMask = 2147483647;
			files = (
			);
			runOnlyForDeploymentPostprocessing = 0;
		};
		4E5B17242C6CD6A50078948F /* Frameworks */ = {
			isa = PBXFrameworksBuildPhase;
			buildActionMask = 2147483647;
			files = (
			);
			runOnlyForDeploymentPostprocessing = 0;
		};
/* End PBXFrameworksBuildPhase section */

/* Begin PBXGroup section */
		4E5B17042C6CD6A10078948F = {
			isa = PBXGroup;
			children = (
				4E0CFCA82D50CD3C006E9F48 /* .gitignore */,
				4EBD6B692C6DF47B0072A639 /* RadauApp */,
				4E5B17202C6CD6A50078948F /* RadauAppTests */,
				4E5B172A2C6CD6A50078948F /* RadauAppUITests */,
				4E5B170E2C6CD6A10078948F /* Products */,
			);
			sourceTree = "<group>";
		};
		4E5B170E2C6CD6A10078948F /* Products */ = {
			isa = PBXGroup;
			children = (
				4E5B170D2C6CD6A10078948F /* RadauApp.app */,
				4E5B171D2C6CD6A50078948F /* RadauAppTests.xctest */,
				4E5B17272C6CD6A50078948F /* RadauAppUITests.xctest */,
			);
			name = Products;
			sourceTree = "<group>";
		};
		4E5B17202C6CD6A50078948F /* RadauAppTests */ = {
			isa = PBXGroup;
			children = (
				4E5B17212C6CD6A50078948F /* RadauAppTests.swift */,
			);
			path = RadauAppTests;
			sourceTree = "<group>";
		};
		4E5B172A2C6CD6A50078948F /* RadauAppUITests */ = {
			isa = PBXGroup;
			children = (
				4E5B172B2C6CD6A50078948F /* RadauAppUITests.swift */,
				4E5B172D2C6CD6A50078948F /* RadauAppUITestsLaunchTests.swift */,
			);
			path = RadauAppUITests;
			sourceTree = "<group>";
		};
		4EBD6B692C6DF47B0072A639 /* RadauApp */ = {
			isa = PBXGroup;
			children = (
				4EBD6B7B2C6DF9740072A639 /* Assets.xcassets */,
				4ED2D3222D4AD338001609C4 /* AudioPlayer.swift */,
				4ED2D31E2D4AD14A001609C4 /* AudioPlayerProtocol.swift */,
				4ED2D3242D4AD5A2001609C4 /* AudioPlayerView.swift */,
				4EAEB9BC2D47E66800929BEA /* AudioSessionManager.swift */,
				4EBD6B6C2C6DF4B10072A639 /* AuthorizationChecker.swift */,
				4EBD6B8B2C6EA4E40072A639 /* Color.swift */,
				4EBD6B872C6E0C900072A639 /* DeviceRotationExtension.swift */,
				4EBD6B8D2C6F83680072A639 /* Info.plist */,
				4EBD6B8E2C6F8B500072A639 /* ITCKRIST.TTF */,
				4EBD6B732C6DF4FA0072A639 /* MainView.swift */,
				4EBD6B942C6FA1270072A639 /* PhotoPickerView.swift */,
				4EBD6B752C6DF50A0072A639 /* PlaylistDetailView.swift */,
				4EBD6B802C6DFCAA0072A639 /* PlaylistFetcher.swift */,
				4EBD6B962C6FA4D50072A639 /* PlaylistImageHandler.swift */,
				4E8C0E302D4183BE00BCF53E /* PodcastAddView.swift */,
				4E8C0E272D40E4A400BCF53E /* PodcastDetailView.swift */,
				4E8C0E252D40DBB400BCF53E /* PodcastFetcher.swift */,
				4E8C0E2B2D410C3C00BCF53E /* PodcastInfoHandler.swift */,
				4EAEB9AE2D4627BD00929BEA /* PodcastStore.swift */,
				4EBD6B7D2C6DF9740072A639 /* Preview Content */,
				4EE81A6D2C73E78E00F2EF41 /* RadauApp.entitlements */,
				4EBD6B6A2C6DF49D0072A639 /* RadauApp.swift */,
				4EAEB9B02D47739C00929BEA /* Radio.swift */,
				4EAEB9B82D47740300929BEA /* RadioAddView.swift */,
				4EAEB9B22D4773BC00929BEA /* RadioFetcher.swift */,
				4EAEB9BA2D47791A00929BEA /* RadioInfoHandler.swift */,
				4EBD6B6F2C6DF4CA0072A639 /* ScreenPainter.swift */,
			);
			path = RadauApp;
			sourceTree = "<group>";
		};
		4EBD6B7D2C6DF9740072A639 /* Preview Content */ = {
			isa = PBXGroup;
			children = (
				4EBD6B7C2C6DF9740072A639 /* Preview Assets.xcassets */,
			);
			name = "Preview Content";
			path = "PoC-Archiv/Preview Content";
			sourceTree = SOURCE_ROOT;
		};
/* End PBXGroup section */

/* Begin PBXNativeTarget section */
		4E5B170C2C6CD6A10078948F /* RadauApp */ = {
			isa = PBXNativeTarget;
			buildConfigurationList = 4E5B17312C6CD6A50078948F /* Build configuration list for PBXNativeTarget "RadauApp" */;
			buildPhases = (
				4E5B17092C6CD6A10078948F /* Sources */,
				4E5B170A2C6CD6A10078948F /* Frameworks */,
				4E5B170B2C6CD6A10078948F /* Resources */,
			);
			buildRules = (
			);
			dependencies = (
			);
			name = RadauApp;
			productName = RadauApp;
			productReference = 4E5B170D2C6CD6A10078948F /* RadauApp.app */;
			productType = "com.apple.product-type.application";
		};
		4E5B171C2C6CD6A50078948F /* RadauAppTests */ = {
			isa = PBXNativeTarget;
			buildConfigurationList = 4E5B17342C6CD6A50078948F /* Build configuration list for PBXNativeTarget "RadauAppTests" */;
			buildPhases = (
				4E5B17192C6CD6A50078948F /* Sources */,
				4E5B171A2C6CD6A50078948F /* Frameworks */,
				4E5B171B2C6CD6A50078948F /* Resources */,
			);
			buildRules = (
			);
			dependencies = (
				4E5B171F2C6CD6A50078948F /* PBXTargetDependency */,
			);
			name = RadauAppTests;
			productName = RadauAppTests;
			productReference = 4E5B171D2C6CD6A50078948F /* RadauAppTests.xctest */;
			productType = "com.apple.product-type.bundle.unit-test";
		};
		4E5B17262C6CD6A50078948F /* RadauAppUITests */ = {
			isa = PBXNativeTarget;
			buildConfigurationList = 4E5B17372C6CD6A50078948F /* Build configuration list for PBXNativeTarget "RadauAppUITests" */;
			buildPhases = (
				4E5B17232C6CD6A50078948F /* Sources */,
				4E5B17242C6CD6A50078948F /* Frameworks */,
				4E5B17252C6CD6A50078948F /* Resources */,
			);
			buildRules = (
			);
			dependencies = (
				4E5B17292C6CD6A50078948F /* PBXTargetDependency */,
			);
			name = RadauAppUITests;
			productName = RadauAppUITests;
			productReference = 4E5B17272C6CD6A50078948F /* RadauAppUITests.xctest */;
			productType = "com.apple.product-type.bundle.ui-testing";
		};
/* End PBXNativeTarget section */

/* Begin PBXProject section */
		4E5B17052C6CD6A10078948F /* Project object */ = {
			isa = PBXProject;
			attributes = {
				BuildIndependentTargetsInParallel = 1;
				LastSwiftUpdateCheck = 1540;
				LastUpgradeCheck = 1620;
				TargetAttributes = {
					4E5B170C2C6CD6A10078948F = {
						CreatedOnToolsVersion = 15.4;
					};
					4E5B171C2C6CD6A50078948F = {
						CreatedOnToolsVersion = 15.4;
						TestTargetID = 4E5B170C2C6CD6A10078948F;
					};
					4E5B17262C6CD6A50078948F = {
						CreatedOnToolsVersion = 15.4;
						TestTargetID = 4E5B170C2C6CD6A10078948F;
					};
				};
			};
			buildConfigurationList = 4E5B17082C6CD6A10078948F /* Build configuration list for PBXProject "RadauApp" */;
			compatibilityVersion = "Xcode 14.0";
			developmentRegion = en;
			hasScannedForEncodings = 0;
			knownRegions = (
				en,
				Base,
			);
			mainGroup = 4E5B17042C6CD6A10078948F;
			packageReferences = (
				4E8C0E2D2D410CEF00BCF53E /* XCRemoteSwiftPackageReference "FeedKit" */,
			);
			productRefGroup = 4E5B170E2C6CD6A10078948F /* Products */;
			projectDirPath = "";
			projectRoot = "";
			targets = (
				4E5B170C2C6CD6A10078948F /* RadauApp */,
				4E5B171C2C6CD6A50078948F /* RadauAppTests */,
				4E5B17262C6CD6A50078948F /* RadauAppUITests */,
			);
		};
/* End PBXProject section */

/* Begin PBXResourcesBuildPhase section */
		4E5B170B2C6CD6A10078948F /* Resources */ = {
			isa = PBXResourcesBuildPhase;
			buildActionMask = 2147483647;
			files = (
				4EBD6B7F2C6DF9740072A639 /* Preview Assets.xcassets in Resources */,
				4EBD6B7E2C6DF9740072A639 /* Assets.xcassets in Resources */,
				4EBD6B8F2C6F8B500072A639 /* ITCKRIST.TTF in Resources */,
			);
			runOnlyForDeploymentPostprocessing = 0;
		};
		4E5B171B2C6CD6A50078948F /* Resources */ = {
			isa = PBXResourcesBuildPhase;
			buildActionMask = 2147483647;
			files = (
			);
			runOnlyForDeploymentPostprocessing = 0;
		};
		4E5B17252C6CD6A50078948F /* Resources */ = {
			isa = PBXResourcesBuildPhase;
			buildActionMask = 2147483647;
			files = (
			);
			runOnlyForDeploymentPostprocessing = 0;
		};
/* End PBXResourcesBuildPhase section */

/* Begin PBXSourcesBuildPhase section */
		4E5B17092C6CD6A10078948F /* Sources */ = {
			isa = PBXSourcesBuildPhase;
			buildActionMask = 2147483647;
			files = (
				4ED2D3252D4AD5AB001609C4 /* AudioPlayerView.swift in Sources */,
				4ED2D3202D4AD14A001609C4 /* AudioPlayerProtocol.swift in Sources */,
				4EBD6B882C6E0C900072A639 /* DeviceRotationExtension.swift in Sources */,
				4EBD6B742C6DF4FA0072A639 /* MainView.swift in Sources */,
				4E8C0E262D40DBBB00BCF53E /* PodcastFetcher.swift in Sources */,
				4EBD6B6D2C6DF4B10072A639 /* AuthorizationChecker.swift in Sources */,
				4ED2D3232D4AD339001609C4 /* AudioPlayer.swift in Sources */,
				4E8C0E2C2D410C4900BCF53E /* PodcastInfoHandler.swift in Sources */,
				4EBD6B8C2C6EA4E40072A639 /* Color.swift in Sources */,
				4EBD6B952C6FA1270072A639 /* PhotoPickerView.swift in Sources */,
				4EBD6B762C6DF50A0072A639 /* PlaylistDetailView.swift in Sources */,
				4EAEB9BD2D47E66A00929BEA /* AudioSessionManager.swift in Sources */,
				4EBD6B812C6DFCAA0072A639 /* PlaylistFetcher.swift in Sources */,
				4EAEB9B12D4773A700929BEA /* Radio.swift in Sources */,
				4EBD6B702C6DF4CA0072A639 /* ScreenPainter.swift in Sources */,
				4E8C0E312D4183CD00BCF53E /* PodcastAddView.swift in Sources */,
				4EBD6B6B2C6DF49D0072A639 /* RadauApp.swift in Sources */,
				4EAEB9AF2D4627BD00929BEA /* PodcastStore.swift in Sources */,
				4EAEB9B92D47741400929BEA /* RadioAddView.swift in Sources */,
				4E8C0E282D40E4A900BCF53E /* PodcastDetailView.swift in Sources */,
				4EBD6B972C6FA4D50072A639 /* PlaylistImageHandler.swift in Sources */,
				4EAEB9BB2D47791E00929BEA /* RadioInfoHandler.swift in Sources */,
				4EAEB9B32D4773C700929BEA /* RadioFetcher.swift in Sources */,
			);
			runOnlyForDeploymentPostprocessing = 0;
		};
		4E5B17192C6CD6A50078948F /* Sources */ = {
			isa = PBXSourcesBuildPhase;
			buildActionMask = 2147483647;
			files = (
				4E5B17222C6CD6A50078948F /* RadauAppTests.swift in Sources */,
			);
			runOnlyForDeploymentPostprocessing = 0;
		};
		4E5B17232C6CD6A50078948F /* Sources */ = {
			isa = PBXSourcesBuildPhase;
			buildActionMask = 2147483647;
			files = (
				4E5B172E2C6CD6A50078948F /* RadauAppUITestsLaunchTests.swift in Sources */,
				4E5B172C2C6CD6A50078948F /* RadauAppUITests.swift in Sources */,
			);
			runOnlyForDeploymentPostprocessing = 0;
		};
/* End PBXSourcesBuildPhase section */

/* Begin PBXTargetDependency section */
		4E5B171F2C6CD6A50078948F /* PBXTargetDependency */ = {
			isa = PBXTargetDependency;
			target = 4E5B170C2C6CD6A10078948F /* RadauApp */;
			targetProxy = 4E5B171E2C6CD6A50078948F /* PBXContainerItemProxy */;
		};
		4E5B17292C6CD6A50078948F /* PBXTargetDependency */ = {
			isa = PBXTargetDependency;
			target = 4E5B170C2C6CD6A10078948F /* RadauApp */;
			targetProxy = 4E5B17282C6CD6A50078948F /* PBXContainerItemProxy */;
		};
/* End PBXTargetDependency section */

/* Begin XCBuildConfiguration section */
		4E5B172F2C6CD6A50078948F /* Debug */ = {
			isa = XCBuildConfiguration;
			buildSettings = {
				ALWAYS_SEARCH_USER_PATHS = NO;
				ASSETCATALOG_COMPILER_GENERATE_SWIFT_ASSET_SYMBOL_EXTENSIONS = YES;
				CLANG_ANALYZER_NONNULL = YES;
				CLANG_ANALYZER_NUMBER_OBJECT_CONVERSION = YES_AGGRESSIVE;
				CLANG_CXX_LANGUAGE_STANDARD = "gnu++20";
				CLANG_ENABLE_MODULES = YES;
				CLANG_ENABLE_OBJC_ARC = YES;
				CLANG_ENABLE_OBJC_WEAK = YES;
				CLANG_WARN_BLOCK_CAPTURE_AUTORELEASING = YES;
				CLANG_WARN_BOOL_CONVERSION = YES;
				CLANG_WARN_COMMA = YES;
				CLANG_WARN_CONSTANT_CONVERSION = YES;
				CLANG_WARN_DEPRECATED_OBJC_IMPLEMENTATIONS = YES;
				CLANG_WARN_DIRECT_OBJC_ISA_USAGE = YES_ERROR;
				CLANG_WARN_DOCUMENTATION_COMMENTS = YES;
				CLANG_WARN_EMPTY_BODY = YES;
				CLANG_WARN_ENUM_CONVERSION = YES;
				CLANG_WARN_INFINITE_RECURSION = YES;
				CLANG_WARN_INT_CONVERSION = YES;
				CLANG_WARN_NON_LITERAL_NULL_CONVERSION = YES;
				CLANG_WARN_OBJC_IMPLICIT_RETAIN_SELF = YES;
				CLANG_WARN_OBJC_LITERAL_CONVERSION = YES;
				CLANG_WARN_OBJC_ROOT_CLASS = YES_ERROR;
				CLANG_WARN_QUOTED_INCLUDE_IN_FRAMEWORK_HEADER = YES;
				CLANG_WARN_RANGE_LOOP_ANALYSIS = YES;
				CLANG_WARN_STRICT_PROTOTYPES = YES;
				CLANG_WARN_SUSPICIOUS_MOVE = YES;
				CLANG_WARN_UNGUARDED_AVAILABILITY = YES_AGGRESSIVE;
				CLANG_WARN_UNREACHABLE_CODE = YES;
				CLANG_WARN__DUPLICATE_METHOD_MATCH = YES;
				COPY_PHASE_STRIP = NO;
				DEBUG_INFORMATION_FORMAT = dwarf;
				ENABLE_STRICT_OBJC_MSGSEND = YES;
				ENABLE_TESTABILITY = YES;
				ENABLE_USER_SCRIPT_SANDBOXING = YES;
				GCC_C_LANGUAGE_STANDARD = gnu17;
				GCC_DYNAMIC_NO_PIC = NO;
				GCC_NO_COMMON_BLOCKS = YES;
				GCC_OPTIMIZATION_LEVEL = 0;
				GCC_PREPROCESSOR_DEFINITIONS = (
					"DEBUG=1",
					"$(inherited)",
				);
				GCC_WARN_64_TO_32_BIT_CONVERSION = YES;
				GCC_WARN_ABOUT_RETURN_TYPE = YES_ERROR;
				GCC_WARN_UNDECLARED_SELECTOR = YES;
				GCC_WARN_UNINITIALIZED_AUTOS = YES_AGGRESSIVE;
				GCC_WARN_UNUSED_FUNCTION = YES;
				GCC_WARN_UNUSED_VARIABLE = YES;
				INFOPLIST_KEY_WKExtensionDelegateClassName = "";
				IPHONEOS_DEPLOYMENT_TARGET = 15.6;
				LOCALIZATION_PREFERS_STRING_CATALOGS = YES;
				MTL_ENABLE_DEBUG_INFO = INCLUDE_SOURCE;
				MTL_FAST_MATH = YES;
				NEW_SETTING = "";
				NEW_SETTING1 = "";
				ONLY_ACTIVE_ARCH = YES;
				SDKROOT = iphoneos;
				SWIFT_ACTIVE_COMPILATION_CONDITIONS = "DEBUG $(inherited)";
				SWIFT_OPTIMIZATION_LEVEL = "-Onone";
			};
			name = Debug;
		};
		4E5B17302C6CD6A50078948F /* Release */ = {
			isa = XCBuildConfiguration;
			buildSettings = {
				ALWAYS_SEARCH_USER_PATHS = NO;
				ASSETCATALOG_COMPILER_GENERATE_SWIFT_ASSET_SYMBOL_EXTENSIONS = YES;
				CLANG_ANALYZER_NONNULL = YES;
				CLANG_ANALYZER_NUMBER_OBJECT_CONVERSION = YES_AGGRESSIVE;
				CLANG_CXX_LANGUAGE_STANDARD = "gnu++20";
				CLANG_ENABLE_MODULES = YES;
				CLANG_ENABLE_OBJC_ARC = YES;
				CLANG_ENABLE_OBJC_WEAK = YES;
				CLANG_WARN_BLOCK_CAPTURE_AUTORELEASING = YES;
				CLANG_WARN_BOOL_CONVERSION = YES;
				CLANG_WARN_COMMA = YES;
				CLANG_WARN_CONSTANT_CONVERSION = YES;
				CLANG_WARN_DEPRECATED_OBJC_IMPLEMENTATIONS = YES;
				CLANG_WARN_DIRECT_OBJC_ISA_USAGE = YES_ERROR;
				CLANG_WARN_DOCUMENTATION_COMMENTS = YES;
				CLANG_WARN_EMPTY_BODY = YES;
				CLANG_WARN_ENUM_CONVERSION = YES;
				CLANG_WARN_INFINITE_RECURSION = YES;
				CLANG_WARN_INT_CONVERSION = YES;
				CLANG_WARN_NON_LITERAL_NULL_CONVERSION = YES;
				CLANG_WARN_OBJC_IMPLICIT_RETAIN_SELF = YES;
				CLANG_WARN_OBJC_LITERAL_CONVERSION = YES;
				CLANG_WARN_OBJC_ROOT_CLASS = YES_ERROR;
				CLANG_WARN_QUOTED_INCLUDE_IN_FRAMEWORK_HEADER = YES;
				CLANG_WARN_RANGE_LOOP_ANALYSIS = YES;
				CLANG_WARN_STRICT_PROTOTYPES = YES;
				CLANG_WARN_SUSPICIOUS_MOVE = YES;
				CLANG_WARN_UNGUARDED_AVAILABILITY = YES_AGGRESSIVE;
				CLANG_WARN_UNREACHABLE_CODE = YES;
				CLANG_WARN__DUPLICATE_METHOD_MATCH = YES;
				COPY_PHASE_STRIP = NO;
				DEBUG_INFORMATION_FORMAT = "dwarf-with-dsym";
				ENABLE_NS_ASSERTIONS = NO;
				ENABLE_STRICT_OBJC_MSGSEND = YES;
				ENABLE_USER_SCRIPT_SANDBOXING = YES;
				GCC_C_LANGUAGE_STANDARD = gnu17;
				GCC_NO_COMMON_BLOCKS = YES;
				GCC_WARN_64_TO_32_BIT_CONVERSION = YES;
				GCC_WARN_ABOUT_RETURN_TYPE = YES_ERROR;
				GCC_WARN_UNDECLARED_SELECTOR = YES;
				GCC_WARN_UNINITIALIZED_AUTOS = YES_AGGRESSIVE;
				GCC_WARN_UNUSED_FUNCTION = YES;
				GCC_WARN_UNUSED_VARIABLE = YES;
				INFOPLIST_KEY_WKExtensionDelegateClassName = "";
				IPHONEOS_DEPLOYMENT_TARGET = 15.6;
				LOCALIZATION_PREFERS_STRING_CATALOGS = YES;
				MTL_ENABLE_DEBUG_INFO = NO;
				MTL_FAST_MATH = YES;
				NEW_SETTING = "";
				NEW_SETTING1 = "";
				SDKROOT = iphoneos;
				SWIFT_COMPILATION_MODE = wholemodule;
				VALIDATE_PRODUCT = YES;
			};
			name = Release;
		};
		4E5B17322C6CD6A50078948F /* Debug */ = {
			isa = XCBuildConfiguration;
			buildSettings = {
				ASSETCATALOG_COMPILER_APPICON_NAME = AppIcon;
				ASSETCATALOG_COMPILER_GLOBAL_ACCENT_COLOR_NAME = AccentColor;
				CODE_SIGN_ENTITLEMENTS = RadauApp/RadauApp.entitlements;
				CODE_SIGN_IDENTITY = "Apple Development";
				CODE_SIGN_STYLE = Automatic;
				CURRENT_PROJECT_VERSION = 1;
				DEVELOPMENT_ASSET_PATHS = "\"RadauApp/Preview Content\"";
				DEVELOPMENT_TEAM = VFW8QA3BDR;
				ENABLE_PREVIEWS = YES;
				GENERATE_INFOPLIST_FILE = YES;
				INFOPLIST_FILE = RadauApp/Info.plist;
				INFOPLIST_KEY_NSAppleMusicUsageDescription = "\"Diese App benötigt Zugriff auf Ihre Musikbibliothek, um Ihre Playlists anzuzeigen und Songs abzuspielen.\"";
				INFOPLIST_KEY_UIApplicationSceneManifest_Generation = YES;
				INFOPLIST_KEY_UIApplicationSupportsIndirectInputEvents = YES;
				INFOPLIST_KEY_UILaunchScreen_Generation = YES;
				INFOPLIST_KEY_UISupportedInterfaceOrientations_iPad = "UIInterfaceOrientationPortrait UIInterfaceOrientationPortraitUpsideDown UIInterfaceOrientationLandscapeLeft UIInterfaceOrientationLandscapeRight";
				INFOPLIST_KEY_UISupportedInterfaceOrientations_iPhone = "UIInterfaceOrientationPortrait UIInterfaceOrientationLandscapeLeft UIInterfaceOrientationLandscapeRight";
				LD_RUNPATH_SEARCH_PATHS = (
					"$(inherited)",
					"@executable_path/Frameworks",
				);
				MARKETING_VERSION = 1.0;
				PRODUCT_BUNDLE_IDENTIFIER = "net.team-becker.RadauApp";
				PRODUCT_NAME = "$(TARGET_NAME)";
				PROVISIONING_PROFILE_SPECIFIER = "";
				SWIFT_EMIT_LOC_STRINGS = YES;
				SWIFT_VERSION = 5.0;
				TARGETED_DEVICE_FAMILY = "1,2";
			};
			name = Debug;
		};
		4E5B17332C6CD6A50078948F /* Release */ = {
			isa = XCBuildConfiguration;
			buildSettings = {
				ASSETCATALOG_COMPILER_APPICON_NAME = AppIcon;
				ASSETCATALOG_COMPILER_GLOBAL_ACCENT_COLOR_NAME = AccentColor;
				CODE_SIGN_ENTITLEMENTS = RadauApp/RadauApp.entitlements;
				CODE_SIGN_IDENTITY = "Apple Development";
				CODE_SIGN_STYLE = Automatic;
				CURRENT_PROJECT_VERSION = 1;
				DEVELOPMENT_ASSET_PATHS = "\"RadauApp/Preview Content\"";
				DEVELOPMENT_TEAM = VFW8QA3BDR;
				ENABLE_PREVIEWS = YES;
				GENERATE_INFOPLIST_FILE = YES;
				INFOPLIST_FILE = RadauApp/Info.plist;
				INFOPLIST_KEY_NSAppleMusicUsageDescription = "\"Diese App benötigt Zugriff auf Ihre Musikbibliothek, um Ihre Playlists anzuzeigen und Songs abzuspielen.\"";
				INFOPLIST_KEY_UIApplicationSceneManifest_Generation = YES;
				INFOPLIST_KEY_UIApplicationSupportsIndirectInputEvents = YES;
				INFOPLIST_KEY_UILaunchScreen_Generation = YES;
				INFOPLIST_KEY_UISupportedInterfaceOrientations_iPad = "UIInterfaceOrientationPortrait UIInterfaceOrientationPortraitUpsideDown UIInterfaceOrientationLandscapeLeft UIInterfaceOrientationLandscapeRight";
				INFOPLIST_KEY_UISupportedInterfaceOrientations_iPhone = "UIInterfaceOrientationPortrait UIInterfaceOrientationLandscapeLeft UIInterfaceOrientationLandscapeRight";
				LD_RUNPATH_SEARCH_PATHS = (
					"$(inherited)",
					"@executable_path/Frameworks",
				);
				MARKETING_VERSION = 1.0;
				PRODUCT_BUNDLE_IDENTIFIER = "net.team-becker.RadauApp";
				PRODUCT_NAME = "$(TARGET_NAME)";
				PROVISIONING_PROFILE_SPECIFIER = "";
				SWIFT_EMIT_LOC_STRINGS = YES;
				SWIFT_VERSION = 5.0;
				TARGETED_DEVICE_FAMILY = "1,2";
			};
			name = Release;
		};
		4E5B17352C6CD6A50078948F /* Debug */ = {
			isa = XCBuildConfiguration;
			buildSettings = {
				BUNDLE_LOADER = "$(TEST_HOST)";
				CODE_SIGN_STYLE = Automatic;
				CURRENT_PROJECT_VERSION = 1;
				DEVELOPMENT_TEAM = VFW8QA3BDR;
				GENERATE_INFOPLIST_FILE = YES;
				IPHONEOS_DEPLOYMENT_TARGET = 17.5;
				MARKETING_VERSION = 1.0;
				PRODUCT_BUNDLE_IDENTIFIER = "net.team-becker.RadauAppTests";
				PRODUCT_NAME = "$(TARGET_NAME)";
				SWIFT_EMIT_LOC_STRINGS = NO;
				SWIFT_VERSION = 5.0;
				TARGETED_DEVICE_FAMILY = "1,2";
				TEST_HOST = "$(BUILT_PRODUCTS_DIR)/RadauApp.app/$(BUNDLE_EXECUTABLE_FOLDER_PATH)/RadauApp";
			};
			name = Debug;
		};
		4E5B17362C6CD6A50078948F /* Release */ = {
			isa = XCBuildConfiguration;
			buildSettings = {
				BUNDLE_LOADER = "$(TEST_HOST)";
				CODE_SIGN_STYLE = Automatic;
				CURRENT_PROJECT_VERSION = 1;
				DEVELOPMENT_TEAM = VFW8QA3BDR;
				GENERATE_INFOPLIST_FILE = YES;
				IPHONEOS_DEPLOYMENT_TARGET = 17.5;
				MARKETING_VERSION = 1.0;
				PRODUCT_BUNDLE_IDENTIFIER = "net.team-becker.RadauAppTests";
				PRODUCT_NAME = "$(TARGET_NAME)";
				SWIFT_EMIT_LOC_STRINGS = NO;
				SWIFT_VERSION = 5.0;
				TARGETED_DEVICE_FAMILY = "1,2";
				TEST_HOST = "$(BUILT_PRODUCTS_DIR)/RadauApp.app/$(BUNDLE_EXECUTABLE_FOLDER_PATH)/RadauApp";
			};
			name = Release;
		};
		4E5B17382C6CD6A50078948F /* Debug */ = {
			isa = XCBuildConfiguration;
			buildSettings = {
				CODE_SIGN_STYLE = Automatic;
				CURRENT_PROJECT_VERSION = 1;
				DEVELOPMENT_TEAM = VFW8QA3BDR;
				GENERATE_INFOPLIST_FILE = YES;
				MARKETING_VERSION = 1.0;
				PRODUCT_BUNDLE_IDENTIFIER = "net.team-becker.RadauAppUITests";
				PRODUCT_NAME = "$(TARGET_NAME)";
				SWIFT_EMIT_LOC_STRINGS = NO;
				SWIFT_VERSION = 5.0;
				TARGETED_DEVICE_FAMILY = "1,2";
				TEST_TARGET_NAME = RadauApp;
			};
			name = Debug;
		};
		4E5B17392C6CD6A50078948F /* Release */ = {
			isa = XCBuildConfiguration;
			buildSettings = {
				CODE_SIGN_STYLE = Automatic;
				CURRENT_PROJECT_VERSION = 1;
				DEVELOPMENT_TEAM = VFW8QA3BDR;
				GENERATE_INFOPLIST_FILE = YES;
				MARKETING_VERSION = 1.0;
				PRODUCT_BUNDLE_IDENTIFIER = "net.team-becker.RadauAppUITests";
				PRODUCT_NAME = "$(TARGET_NAME)";
				SWIFT_EMIT_LOC_STRINGS = NO;
				SWIFT_VERSION = 5.0;
				TARGETED_DEVICE_FAMILY = "1,2";
				TEST_TARGET_NAME = RadauApp;
			};
			name = Release;
		};
/* End XCBuildConfiguration section */

/* Begin XCConfigurationList section */
		4E5B17082C6CD6A10078948F /* Build configuration list for PBXProject "RadauApp" */ = {
			isa = XCConfigurationList;
			buildConfigurations = (
				4E5B172F2C6CD6A50078948F /* Debug */,
				4E5B17302C6CD6A50078948F /* Release */,
			);
			defaultConfigurationIsVisible = 0;
			defaultConfigurationName = Release;
		};
		4E5B17312C6CD6A50078948F /* Build configuration list for PBXNativeTarget "RadauApp" */ = {
			isa = XCConfigurationList;
			buildConfigurations = (
				4E5B17322C6CD6A50078948F /* Debug */,
				4E5B17332C6CD6A50078948F /* Release */,
			);
			defaultConfigurationIsVisible = 0;
			defaultConfigurationName = Release;
		};
		4E5B17342C6CD6A50078948F /* Build configuration list for PBXNativeTarget "RadauAppTests" */ = {
			isa = XCConfigurationList;
			buildConfigurations = (
				4E5B17352C6CD6A50078948F /* Debug */,
				4E5B17362C6CD6A50078948F /* Release */,
			);
			defaultConfigurationIsVisible = 0;
			defaultConfigurationName = Release;
		};
		4E5B17372C6CD6A50078948F /* Build configuration list for PBXNativeTarget "RadauAppUITests" */ = {
			isa = XCConfigurationList;
			buildConfigurations = (
				4E5B17382C6CD6A50078948F /* Debug */,
				4E5B17392C6CD6A50078948F /* Release */,
			);
			defaultConfigurationIsVisible = 0;
			defaultConfigurationName = Release;
		};
/* End XCConfigurationList section */

/* Begin XCRemoteSwiftPackageReference section */
		4E8C0E2D2D410CEF00BCF53E /* XCRemoteSwiftPackageReference "FeedKit" */ = {
			isa = XCRemoteSwiftPackageReference;
			repositoryURL = "https://github.com/nmdias/FeedKit";
			requirement = {
				kind = upToNextMajorVersion;
				minimumVersion = 9.1.2;
			};
		};
/* End XCRemoteSwiftPackageReference section */

/* Begin XCSwiftPackageProductDependency section */
		4E8C0E2E2D410D1500BCF53E /* FeedKit */ = {
			isa = XCSwiftPackageProductDependency;
			package = 4E8C0E2D2D410CEF00BCF53E /* XCRemoteSwiftPackageReference "FeedKit" */;
			productName = FeedKit;
		};
/* End XCSwiftPackageProductDependency section */
	};
	rootObject = 4E5B17052C6CD6A10078948F /* Project object */;
}
